// !$*UTF8*$!
{
	archiveVersion = 1;
	classes = {
	};
	objectVersion = 54;
	objects = {

/* Begin PBXBuildFile section */
		0457789FD3CFD686F3713E91 /* MockCalendarService.swift in Sources */ = {isa = PBXBuildFile; fileRef = A588FBF105831FB78AB8EDE1 /* MockCalendarService.swift */; };
		1FBFC3251EF02552B7F48237 /* CalendarViewModel.swift in Sources */ = {isa = PBXBuildFile; fileRef = 71EA93F9A0D6845F111030FA /* CalendarViewModel.swift */; };
		4B4AA84EF89E28B02193C99F /* GoogleCalendarAuth.swift in Sources */ = {isa = PBXBuildFile; fileRef = 68349F0B540061246800E555 /* GoogleCalendarAuth.swift */; };
		4C3624309BEDFA2D7F6E2FCF /* GoogleSignIn in Frameworks */ = {isa = PBXBuildFile; productRef = 9B720F2FE247802DD0D79F34 /* GoogleSignIn */; };
		63D1C3CF4F732E84365259D7 /* GoogleCalendarService.swift in Sources */ = {isa = PBXBuildFile; fileRef = B4541DB43EE8ECD6E2F83DBD /* GoogleCalendarService.swift */; };
		64D6FA3984595BE74C8F4571 /* CalendarServiceProtocol.swift in Sources */ = {isa = PBXBuildFile; fileRef = 0F54A5BB1F2FB27DD9A4557F /* CalendarServiceProtocol.swift */; };
		792211DE89A07B282D5E0804 /* KeychainHelper.swift in Sources */ = {isa = PBXBuildFile; fileRef = 59C0F9CD71A0E904D65E193B /* KeychainHelper.swift */; };
		7B3A92608F3FF118D2306D5A /* KeychainHelperTests.swift in Sources */ = {isa = PBXBuildFile; fileRef = 4EA04619AFEFCFAEEDEFDA81 /* KeychainHelperTests.swift */; };
		A0BBFD2DF4D639D29E469171 /* TempoApp.swift in Sources */ = {isa = PBXBuildFile; fileRef = 4C3FAAF6EEE4281DFB05494F /* TempoApp.swift */; };
		E2DDC705B327E579DFAF6EF7 /* CalendarView.swift in Sources */ = {isa = PBXBuildFile; fileRef = B51DD785A26B47DFD9162068 /* CalendarView.swift */; };
/* End PBXBuildFile section */

/* Begin PBXContainerItemProxy section */
		5686D52CB9B7A408A45BB569 /* PBXContainerItemProxy */ = {
			isa = PBXContainerItemProxy;
			containerPortal = AD30179AB18F679D26066274 /* Project object */;
			proxyType = 1;
			remoteGlobalIDString = B4B1ABCA42D941961C207402;
			remoteInfo = Tempo;
		};
/* End PBXContainerItemProxy section */

/* Begin PBXFileReference section */
		0F54A5BB1F2FB27DD9A4557F /* CalendarServiceProtocol.swift */ = {isa = PBXFileReference; lastKnownFileType = sourcecode.swift; path = CalendarServiceProtocol.swift; sourceTree = "<group>"; };
		4C3FAAF6EEE4281DFB05494F /* TempoApp.swift */ = {isa = PBXFileReference; lastKnownFileType = sourcecode.swift; path = TempoApp.swift; sourceTree = "<group>"; };
		4EA04619AFEFCFAEEDEFDA81 /* KeychainHelperTests.swift */ = {isa = PBXFileReference; lastKnownFileType = sourcecode.swift; path = KeychainHelperTests.swift; sourceTree = "<group>"; };
		59C0F9CD71A0E904D65E193B /* KeychainHelper.swift */ = {isa = PBXFileReference; lastKnownFileType = sourcecode.swift; path = KeychainHelper.swift; sourceTree = "<group>"; };
		68349F0B540061246800E555 /* GoogleCalendarAuth.swift */ = {isa = PBXFileReference; lastKnownFileType = sourcecode.swift; path = GoogleCalendarAuth.swift; sourceTree = "<group>"; };
		71EA93F9A0D6845F111030FA /* CalendarViewModel.swift */ = {isa = PBXFileReference; lastKnownFileType = sourcecode.swift; path = CalendarViewModel.swift; sourceTree = "<group>"; };
		A588FBF105831FB78AB8EDE1 /* MockCalendarService.swift */ = {isa = PBXFileReference; lastKnownFileType = sourcecode.swift; path = MockCalendarService.swift; sourceTree = "<group>"; };
		AE6263597B3354C508BBC7D4 /* Tempo.app */ = {isa = PBXFileReference; includeInIndex = 0; lastKnownFileType = wrapper.application; path = Tempo.app; sourceTree = BUILT_PRODUCTS_DIR; };
		B4541DB43EE8ECD6E2F83DBD /* GoogleCalendarService.swift */ = {isa = PBXFileReference; lastKnownFileType = sourcecode.swift; path = GoogleCalendarService.swift; sourceTree = "<group>"; };
		B51DD785A26B47DFD9162068 /* CalendarView.swift */ = {isa = PBXFileReference; lastKnownFileType = sourcecode.swift; path = CalendarView.swift; sourceTree = "<group>"; };
		D57F97E834A8A30DB9CAE89B /* TempoTests.xctest */ = {isa = PBXFileReference; includeInIndex = 0; lastKnownFileType = wrapper.cfbundle; path = TempoTests.xctest; sourceTree = BUILT_PRODUCTS_DIR; };
/* End PBXFileReference section */

/* Begin PBXFrameworksBuildPhase section */
		01D67FA7CD498405BE72BD2D /* Frameworks */ = {
			isa = PBXFrameworksBuildPhase;
			buildActionMask = 2147483647;
			files = (
				4C3624309BEDFA2D7F6E2FCF /* GoogleSignIn in Frameworks */,
			);
			runOnlyForDeploymentPostprocessing = 0;
		};
/* End PBXFrameworksBuildPhase section */

/* Begin PBXGroup section */
		1551B1ADB0BFC0400F4092C8 /* Auth */ = {
			isa = PBXGroup;
			children = (
				68349F0B540061246800E555 /* GoogleCalendarAuth.swift */,
				59C0F9CD71A0E904D65E193B /* KeychainHelper.swift */,
			);
			path = Auth;
			sourceTree = "<group>";
		};
		3FA25A73B8353769DBDA00C8 /* App */ = {
			isa = PBXGroup;
			children = (
				4C3FAAF6EEE4281DFB05494F /* TempoApp.swift */,
			);
			path = App;
			sourceTree = "<group>";
		};
		4B0D3764E3F1D906FC8D75BC /* Features */ = {
			isa = PBXGroup;
			children = (
				70FC7CDEE91C337024B93FA8 /* Calendar */,
			);
			path = Features;
			sourceTree = "<group>";
		};
		551138FD8DA4B1DC4CE1CC90 /* Products */ = {
			isa = PBXGroup;
			children = (
				AE6263597B3354C508BBC7D4 /* Tempo.app */,
				D57F97E834A8A30DB9CAE89B /* TempoTests.xctest */,
			);
			name = Products;
			sourceTree = "<group>";
		};
		5ABE29F9C60E86484C7813E7 /* TempoTests */ = {
			isa = PBXGroup;
			children = (
				4EA04619AFEFCFAEEDEFDA81 /* KeychainHelperTests.swift */,
				A588FBF105831FB78AB8EDE1 /* MockCalendarService.swift */,
			);
			path = TempoTests;
			sourceTree = "<group>";
		};
		622229E13690BF09594700D1 /* Services */ = {
			isa = PBXGroup;
			children = (
				0F54A5BB1F2FB27DD9A4557F /* CalendarServiceProtocol.swift */,
				B4541DB43EE8ECD6E2F83DBD /* GoogleCalendarService.swift */,
			);
			path = Services;
			sourceTree = "<group>";
		};
		70FC7CDEE91C337024B93FA8 /* Calendar */ = {
			isa = PBXGroup;
			children = (
				B51DD785A26B47DFD9162068 /* CalendarView.swift */,
				71EA93F9A0D6845F111030FA /* CalendarViewModel.swift */,
				1551B1ADB0BFC0400F4092C8 /* Auth */,
				622229E13690BF09594700D1 /* Services */,
			);
			path = Calendar;
			sourceTree = "<group>";
		};
		93935E517C8A0946CFCF7B9D = {
			isa = PBXGroup;
			children = (
				3FA25A73B8353769DBDA00C8 /* App */,
				4B0D3764E3F1D906FC8D75BC /* Features */,
				5ABE29F9C60E86484C7813E7 /* TempoTests */,
				551138FD8DA4B1DC4CE1CC90 /* Products */,
			);
			sourceTree = "<group>";
		};
/* End PBXGroup section */

/* Begin PBXNativeTarget section */
		B4B1ABCA42D941961C207402 /* Tempo */ = {
			isa = PBXNativeTarget;
			buildConfigurationList = 4FE7A9862C48352D13895373 /* Build configuration list for PBXNativeTarget "Tempo" */;
			buildPhases = (
				F8BECD3B83F1BDE402E1832A /* Sources */,
				01D67FA7CD498405BE72BD2D /* Frameworks */,
			);
			buildRules = (
			);
			dependencies = (
			);
			name = Tempo;
			packageProductDependencies = (
				9B720F2FE247802DD0D79F34 /* GoogleSignIn */,
			);
			productName = Tempo;
			productReference = AE6263597B3354C508BBC7D4 /* Tempo.app */;
			productType = "com.apple.product-type.application";
		};
		C337B61AC76E84E27EF729D6 /* TempoTests */ = {
			isa = PBXNativeTarget;
			buildConfigurationList = 68B3E3DE0818150843E75C44 /* Build configuration list for PBXNativeTarget "TempoTests" */;
			buildPhases = (
				2FA10C5E5FAA1BCAD0D7DAE4 /* Sources */,
			);
			buildRules = (
			);
			dependencies = (
				A8CC82F224EE8C8583190147 /* PBXTargetDependency */,
			);
			name = TempoTests;
			productName = TempoTests;
			productReference = D57F97E834A8A30DB9CAE89B /* TempoTests.xctest */;
			productType = "com.apple.product-type.bundle.unit-test";
		};
/* End PBXNativeTarget section */

/* Begin PBXProject section */
		AD30179AB18F679D26066274 /* Project object */ = {
			isa = PBXProject;
			attributes = {
				BuildIndependentTargetsInParallel = YES;
				LastUpgradeCheck = 1500;
				TargetAttributes = {
				};
			};
			buildConfigurationList = A3328757661089AFC83B412A /* Build configuration list for PBXProject "Tempo" */;
			compatibilityVersion = "Xcode 14.0";
			developmentRegion = en;
			hasScannedForEncodings = 0;
			knownRegions = (
				Base,
				en,
			);
			mainGroup = 93935E517C8A0946CFCF7B9D;
			packageReferences = (
				72008655C0CB12B2F8259835 /* XCRemoteSwiftPackageReference "GoogleSignIn-iOS" */,
			);
			projectDirPath = "";
			projectRoot = "";
			targets = (
				B4B1ABCA42D941961C207402 /* Tempo */,
				C337B61AC76E84E27EF729D6 /* TempoTests */,
			);
		};
/* End PBXProject section */

/* Begin PBXSourcesBuildPhase section */
		2FA10C5E5FAA1BCAD0D7DAE4 /* Sources */ = {
			isa = PBXSourcesBuildPhase;
			buildActionMask = 2147483647;
			files = (
				7B3A92608F3FF118D2306D5A /* KeychainHelperTests.swift in Sources */,
				0457789FD3CFD686F3713E91 /* MockCalendarService.swift in Sources */,
			);
			runOnlyForDeploymentPostprocessing = 0;
		};
		F8BECD3B83F1BDE402E1832A /* Sources */ = {
			isa = PBXSourcesBuildPhase;
			buildActionMask = 2147483647;
			files = (
				64D6FA3984595BE74C8F4571 /* CalendarServiceProtocol.swift in Sources */,
				E2DDC705B327E579DFAF6EF7 /* CalendarView.swift in Sources */,
				1FBFC3251EF02552B7F48237 /* CalendarViewModel.swift in Sources */,
				4B4AA84EF89E28B02193C99F /* GoogleCalendarAuth.swift in Sources */,
				63D1C3CF4F732E84365259D7 /* GoogleCalendarService.swift in Sources */,
				792211DE89A07B282D5E0804 /* KeychainHelper.swift in Sources */,
				A0BBFD2DF4D639D29E469171 /* TempoApp.swift in Sources */,
			);
			runOnlyForDeploymentPostprocessing = 0;
		};
/* End PBXSourcesBuildPhase section */

/* Begin PBXTargetDependency section */
		A8CC82F224EE8C8583190147 /* PBXTargetDependency */ = {
			isa = PBXTargetDependency;
			target = B4B1ABCA42D941961C207402 /* Tempo */;
			targetProxy = 5686D52CB9B7A408A45BB569 /* PBXContainerItemProxy */;
		};
/* End PBXTargetDependency section */

/* Begin XCBuildConfiguration section */
		2F94FC066E934C1EDF0C22F7 /* Release */ = {
			isa = XCBuildConfiguration;
			buildSettings = {
				ASSETCATALOG_COMPILER_APPICON_NAME = AppIcon;
				CODE_SIGNING_ALLOWED = NO;
				CODE_SIGNING_REQUIRED = NO;
				CODE_SIGN_IDENTITY = "";
				CURRENT_PROJECT_VERSION = 1;
				GENERATE_INFOPLIST_FILE = YES;
				INFOPLIST_GENERATION_MODE = GeneratedFile;
				INFOPLIST_KEY_UIApplicationSceneManifest_Generation = YES;
				INFOPLIST_KEY_UIApplicationSupportsIndirectInputEvents = YES;
				INFOPLIST_KEY_UILaunchScreen_Generation = YES;
				INFOPLIST_KEY_UISupportedInterfaceOrientations_iPhone = UIInterfaceOrientationPortrait;
				LD_RUNPATH_SEARCH_PATHS = (
					"$(inherited)",
					"@executable_path/Frameworks",
				);
				MARKETING_VERSION = 1.0.0;
				PRODUCT_BUNDLE_IDENTIFIER = com.tempo.app;
				SDKROOT = iphoneos;
				SWIFT_VERSION = 5.9;
				TARGETED_DEVICE_FAMILY = "1,2";
			};
			name = Release;
		};
		316B2AAA913C5EA0FC6B8F89 /* Release */ = {
			isa = XCBuildConfiguration;
			buildSettings = {
				ALWAYS_SEARCH_USER_PATHS = NO;
				CLANG_ANALYZER_NONNULL = YES;
				CLANG_ANALYZER_NUMBER_OBJECT_CONVERSION = YES_AGGRESSIVE;
				CLANG_CXX_LANGUAGE_STANDARD = "gnu++14";
				CLANG_CXX_LIBRARY = "libc++";
				CLANG_ENABLE_MODULES = YES;
				CLANG_ENABLE_OBJC_ARC = YES;
				CLANG_ENABLE_OBJC_WEAK = YES;
				CLANG_WARN_BLOCK_CAPTURE_AUTORELEASING = YES;
				CLANG_WARN_BOOL_CONVERSION = YES;
				CLANG_WARN_COMMA = YES;
				CLANG_WARN_CONSTANT_CONVERSION = YES;
				CLANG_WARN_DEPRECATED_OBJC_IMPLEMENTATIONS = YES;
				CLANG_WARN_DIRECT_OBJC_ISA_USAGE = YES_ERROR;
				CLANG_WARN_DOCUMENTATION_COMMENTS = YES;
				CLANG_WARN_EMPTY_BODY = YES;
				CLANG_WARN_ENUM_CONVERSION = YES;
				CLANG_WARN_INFINITE_RECURSION = YES;
				CLANG_WARN_INT_CONVERSION = YES;
				CLANG_WARN_NON_LITERAL_NULL_CONVERSION = YES;
				CLANG_WARN_OBJC_IMPLICIT_RETAIN_SELF = YES;
				CLANG_WARN_OBJC_LITERAL_CONVERSION = YES;
				CLANG_WARN_OBJC_ROOT_CLASS = YES_ERROR;
				CLANG_WARN_QUOTED_INCLUDE_IN_FRAMEWORK_HEADER = YES;
				CLANG_WARN_RANGE_LOOP_ANALYSIS = YES;
				CLANG_WARN_STRICT_PROTOTYPES = YES;
				CLANG_WARN_SUSPICIOUS_MOVE = YES;
				CLANG_WARN_UNGUARDED_AVAILABILITY = YES_AGGRESSIVE;
				CLANG_WARN_UNREACHABLE_CODE = YES;
				CLANG_WARN__DUPLICATE_METHOD_MATCH = YES;
				COPY_PHASE_STRIP = NO;
				DEBUG_INFORMATION_FORMAT = "dwarf-with-dsym";
				ENABLE_NS_ASSERTIONS = NO;
				ENABLE_STRICT_OBJC_MSGSEND = YES;
				GCC_C_LANGUAGE_STANDARD = gnu11;
				GCC_NO_COMMON_BLOCKS = YES;
				GCC_WARN_64_TO_32_BIT_CONVERSION = YES;
				GCC_WARN_ABOUT_RETURN_TYPE = YES_ERROR;
				GCC_WARN_UNDECLARED_SELECTOR = YES;
				GCC_WARN_UNINITIALIZED_AUTOS = YES_AGGRESSIVE;
				GCC_WARN_UNUSED_FUNCTION = YES;
				GCC_WARN_UNUSED_VARIABLE = YES;
				IPHONEOS_DEPLOYMENT_TARGET = 17.0;
				MTL_ENABLE_DEBUG_INFO = NO;
				MTL_FAST_MATH = YES;
				PRODUCT_NAME = "$(TARGET_NAME)";
				SDKROOT = iphoneos;
				SWIFT_COMPILATION_MODE = wholemodule;
				SWIFT_OPTIMIZATION_LEVEL = "-O";
				SWIFT_VERSION = 5.0;
			};
			name = Release;
		};
		84B60CC7AAE0C71B27EACE2F /* Debug */ = {
			isa = XCBuildConfiguration;
			buildSettings = {
				BUNDLE_LOADER = "$(TEST_HOST)";
				CODE_SIGNING_ALLOWED = NO;
				CODE_SIGNING_REQUIRED = NO;
				CODE_SIGN_IDENTITY = "";
				GENERATE_INFOPLIST_FILE = YES;
				LD_RUNPATH_SEARCH_PATHS = (
					"$(inherited)",
					"@executable_path/Frameworks",
					"@loader_path/Frameworks",
				);
				PRODUCT_BUNDLE_IDENTIFIER = com.tempo.app.tests;
				SDKROOT = iphoneos;
				TARGETED_DEVICE_FAMILY = "1,2";
				TEST_HOST = "$(BUILT_PRODUCTS_DIR)/Tempo.app/$(BUNDLE_EXECUTABLE_FOLDER_PATH)/Tempo";
			};
			name = Debug;
		};
		A43E8332B4882646B3660D8E /* Debug */ = {
			isa = XCBuildConfiguration;
			buildSettings = {
				ALWAYS_SEARCH_USER_PATHS = NO;
				CLANG_ANALYZER_NONNULL = YES;
				CLANG_ANALYZER_NUMBER_OBJECT_CONVERSION = YES_AGGRESSIVE;
				CLANG_CXX_LANGUAGE_STANDARD = "gnu++14";
				CLANG_CXX_LIBRARY = "libc++";
				CLANG_ENABLE_MODULES = YES;
				CLANG_ENABLE_OBJC_ARC = YES;
				CLANG_ENABLE_OBJC_WEAK = YES;
				CLANG_WARN_BLOCK_CAPTURE_AUTORELEASING = YES;
				CLANG_WARN_BOOL_CONVERSION = YES;
				CLANG_WARN_COMMA = YES;
				CLANG_WARN_CONSTANT_CONVERSION = YES;
				CLANG_WARN_DEPRECATED_OBJC_IMPLEMENTATIONS = YES;
				CLANG_WARN_DIRECT_OBJC_ISA_USAGE = YES_ERROR;
				CLANG_WARN_DOCUMENTATION_COMMENTS = YES;
				CLANG_WARN_EMPTY_BODY = YES;
				CLANG_WARN_ENUM_CONVERSION = YES;
				CLANG_WARN_INFINITE_RECURSION = YES;
				CLANG_WARN_INT_CONVERSION = YES;
				CLANG_WARN_NON_LITERAL_NULL_CONVERSION = YES;
				CLANG_WARN_OBJC_IMPLICIT_RETAIN_SELF = YES;
				CLANG_WARN_OBJC_LITERAL_CONVERSION = YES;
				CLANG_WARN_OBJC_ROOT_CLASS = YES_ERROR;
				CLANG_WARN_QUOTED_INCLUDE_IN_FRAMEWORK_HEADER = YES;
				CLANG_WARN_RANGE_LOOP_ANALYSIS = YES;
				CLANG_WARN_STRICT_PROTOTYPES = YES;
				CLANG_WARN_SUSPICIOUS_MOVE = YES;
				CLANG_WARN_UNGUARDED_AVAILABILITY = YES_AGGRESSIVE;
				CLANG_WARN_UNREACHABLE_CODE = YES;
				CLANG_WARN__DUPLICATE_METHOD_MATCH = YES;
				COPY_PHASE_STRIP = NO;
				DEBUG_INFORMATION_FORMAT = dwarf;
				ENABLE_STRICT_OBJC_MSGSEND = YES;
				ENABLE_TESTABILITY = YES;
				GCC_C_LANGUAGE_STANDARD = gnu11;
				GCC_DYNAMIC_NO_PIC = NO;
				GCC_NO_COMMON_BLOCKS = YES;
				GCC_OPTIMIZATION_LEVEL = 0;
				GCC_PREPROCESSOR_DEFINITIONS = (
					"$(inherited)",
					"DEBUG=1",
				);
				GCC_WARN_64_TO_32_BIT_CONVERSION = YES;
				GCC_WARN_ABOUT_RETURN_TYPE = YES_ERROR;
				GCC_WARN_UNDECLARED_SELECTOR = YES;
				GCC_WARN_UNINITIALIZED_AUTOS = YES_AGGRESSIVE;
				GCC_WARN_UNUSED_FUNCTION = YES;
				GCC_WARN_UNUSED_VARIABLE = YES;
				IPHONEOS_DEPLOYMENT_TARGET = 17.0;
				MTL_ENABLE_DEBUG_INFO = INCLUDE_SOURCE;
				MTL_FAST_MATH = YES;
				ONLY_ACTIVE_ARCH = YES;
				PRODUCT_NAME = "$(TARGET_NAME)";
				SDKROOT = iphoneos;
				SWIFT_ACTIVE_COMPILATION_CONDITIONS = DEBUG;
				SWIFT_OPTIMIZATION_LEVEL = "-Onone";
				SWIFT_VERSION = 5.0;
			};
			name = Debug;
		};
		C4BB3300C35869F601FE5EED /* Debug */ = {
			isa = XCBuildConfiguration;
			buildSettings = {
				ASSETCATALOG_COMPILER_APPICON_NAME = AppIcon;
				CODE_SIGNING_ALLOWED = NO;
				CODE_SIGNING_REQUIRED = NO;
				CODE_SIGN_IDENTITY = "";
				CURRENT_PROJECT_VERSION = 1;
				GENERATE_INFOPLIST_FILE = YES;
				INFOPLIST_GENERATION_MODE = GeneratedFile;
				INFOPLIST_KEY_UIApplicationSceneManifest_Generation = YES;
				INFOPLIST_KEY_UIApplicationSupportsIndirectInputEvents = YES;
				INFOPLIST_KEY_UILaunchScreen_Generation = YES;
				INFOPLIST_KEY_UISupportedInterfaceOrientations_iPhone = UIInterfaceOrientationPortrait;
				LD_RUNPATH_SEARCH_PATHS = (
					"$(inherited)",
					"@executable_path/Frameworks",
				);
				MARKETING_VERSION = 1.0.0;
				PRODUCT_BUNDLE_IDENTIFIER = com.tempo.app;
				SDKROOT = iphoneos;
				SWIFT_VERSION = 5.9;
				TARGETED_DEVICE_FAMILY = "1,2";
			};
			name = Debug;
		};
		CAF8959E515D8230B945CAB1 /* Release */ = {
			isa = XCBuildConfiguration;
			buildSettings = {
				BUNDLE_LOADER = "$(TEST_HOST)";
				CODE_SIGNING_ALLOWED = NO;
				CODE_SIGNING_REQUIRED = NO;
				CODE_SIGN_IDENTITY = "";
				GENERATE_INFOPLIST_FILE = YES;
				LD_RUNPATH_SEARCH_PATHS = (
					"$(inherited)",
					"@executable_path/Frameworks",
					"@loader_path/Frameworks",
				);
				PRODUCT_BUNDLE_IDENTIFIER = com.tempo.app.tests;
				SDKROOT = iphoneos;
				TARGETED_DEVICE_FAMILY = "1,2";
				TEST_HOST = "$(BUILT_PRODUCTS_DIR)/Tempo.app/$(BUNDLE_EXECUTABLE_FOLDER_PATH)/Tempo";
			};
			name = Release;
		};
/* End XCBuildConfiguration section */

/* Begin XCConfigurationList section */
		4FE7A9862C48352D13895373 /* Build configuration list for PBXNativeTarget "Tempo" */ = {
			isa = XCConfigurationList;
			buildConfigurations = (
				C4BB3300C35869F601FE5EED /* Debug */,
				2F94FC066E934C1EDF0C22F7 /* Release */,
			);
			defaultConfigurationIsVisible = 0;
			defaultConfigurationName = Debug;
		};
		68B3E3DE0818150843E75C44 /* Build configuration list for PBXNativeTarget "TempoTests" */ = {
			isa = XCConfigurationList;
			buildConfigurations = (
				84B60CC7AAE0C71B27EACE2F /* Debug */,
				CAF8959E515D8230B945CAB1 /* Release */,
			);
			defaultConfigurationIsVisible = 0;
			defaultConfigurationName = Debug;
		};
		A3328757661089AFC83B412A /* Build configuration list for PBXProject "Tempo" */ = {
			isa = XCConfigurationList;
			buildConfigurations = (
				A43E8332B4882646B3660D8E /* Debug */,
				316B2AAA913C5EA0FC6B8F89 /* Release */,
			);
			defaultConfigurationIsVisible = 0;
			defaultConfigurationName = Debug;
		};
/* End XCConfigurationList section */

/* Begin XCRemoteSwiftPackageReference section */
		72008655C0CB12B2F8259835 /* XCRemoteSwiftPackageReference "GoogleSignIn-iOS" */ = {
			isa = XCRemoteSwiftPackageReference;
			repositoryURL = "https://github.com/google/GoogleSignIn-iOS";
			requirement = {
				kind = upToNextMajorVersion;
				minimumVersion = 7.0.0;
			};
		};
/* End XCRemoteSwiftPackageReference section */

/* Begin XCSwiftPackageProductDependency section */
		9B720F2FE247802DD0D79F34 /* GoogleSignIn */ = {
			isa = XCSwiftPackageProductDependency;
			package = 72008655C0CB12B2F8259835 /* XCRemoteSwiftPackageReference "GoogleSignIn-iOS" */;
			productName = GoogleSignIn;
		};
/* End XCSwiftPackageProductDependency section */
	};
	rootObject = AD30179AB18F679D26066274 /* Project object */;
}
